
Microsoft Visual Studio Solution File, Format Version 12.00
# Visual Studio 2012
Project("{2150E333-8FDC-42A3-9474-1A3956D46DE8}") = "src", "src", "{F0B54CC3-9ABA-40CB-90AE-570BE8B69127}"
EndProject
Project("{FAE04EC0-301F-11D3-BF4B-00C04F79EFBC}") = "ResxEditor", "src\ResxEditor\ResxEditor.csproj", "{2200537E-926E-410C-B640-ADDB0AB1268F}"
EndProject
Project("{FAE04EC0-301F-11D3-BF4B-00C04F79EFBC}") = "ResxEditor.Core", "src\ResxEditor.Core\ResxEditor.Core.csproj", "{3C74AF6C-FDE5-453A-8E8D-D927B43240EE}"
EndProject
Global
	GlobalSection(SolutionConfigurationPlatforms) = preSolution
		Debug|Any CPU = Debug|Any CPU
		Release|Any CPU = Release|Any CPU
	EndGlobalSection
	GlobalSection(ProjectConfigurationPlatforms) = postSolution
		{2200537E-926E-410C-B640-ADDB0AB1268F}.Debug|Any CPU.ActiveCfg = Debug|Any CPU
		{2200537E-926E-410C-B640-ADDB0AB1268F}.Debug|Any CPU.Build.0 = Debug|Any CPU
		{2200537E-926E-410C-B640-ADDB0AB1268F}.Release|Any CPU.ActiveCfg = Release|Any CPU
		{2200537E-926E-410C-B640-ADDB0AB1268F}.Release|Any CPU.Build.0 = Release|Any CPU
		{3C74AF6C-FDE5-453A-8E8D-D927B43240EE}.Debug|Any CPU.ActiveCfg = Debug|Any CPU
		{3C74AF6C-FDE5-453A-8E8D-D927B43240EE}.Debug|Any CPU.Build.0 = Debug|Any CPU
		{3C74AF6C-FDE5-453A-8E8D-D927B43240EE}.Release|Any CPU.ActiveCfg = Release|Any CPU
		{3C74AF6C-FDE5-453A-8E8D-D927B43240EE}.Release|Any CPU.Build.0 = Release|Any CPU
	EndGlobalSection
	GlobalSection(NestedProjects) = preSolution
		{2200537E-926E-410C-B640-ADDB0AB1268F} = {F0B54CC3-9ABA-40CB-90AE-570BE8B69127}
		{3C74AF6C-FDE5-453A-8E8D-D927B43240EE} = {F0B54CC3-9ABA-40CB-90AE-570BE8B69127}
	EndGlobalSection
EndGlobal
